
Microsoft Visual Studio Solution File, Format Version 12.00
# Visual Studio 15
VisualStudioVersion = 15.0.27004.2005
MinimumVisualStudioVersion = 10.0.40219.1
Project("{FAE04EC0-301F-11D3-BF4B-00C04F79EFBC}") = "AutoStatistics", "AutoStatistics\AutoStatistics.csproj", "{5EA411DD-E769-4B02-A093-ADD916B8B306}"
EndProject
Global
	GlobalSection(SolutionConfigurationPlatforms) = preSolution
		Debug|Any CPU = Debug|Any CPU
		Release|Any CPU = Release|Any CPU
	EndGlobalSection
	GlobalSection(ProjectConfigurationPlatforms) = postSolution
		{5EA411DD-E769-4B02-A093-ADD916B8B306}.Debug|Any CPU.ActiveCfg = Debug|Any CPU
		{5EA411DD-E769-4B02-A093-ADD916B8B306}.Debug|Any CPU.Build.0 = Debug|Any CPU
		{5EA411DD-E769-4B02-A093-ADD916B8B306}.Release|Any CPU.ActiveCfg = Release|Any CPU
		{5EA411DD-E769-4B02-A093-ADD916B8B306}.Release|Any CPU.Build.0 = Release|Any CPU
	EndGlobalSection
	GlobalSection(SolutionProperties) = preSolution
		HideSolutionNode = FALSE
	EndGlobalSection
	GlobalSection(ExtensibilityGlobals) = postSolution
		SolutionGuid = {679CBB6A-BD53-490B-B0C4-36F9831B3CF4}
	EndGlobalSection
EndGlobal
